
Microsoft Visual Studio Solution File, Format Version 12.00
# Visual Studio 15
VisualStudioVersion = 15.0.28307.645
MinimumVisualStudioVersion = 10.0.40219.1
Project("{FAE04EC0-301F-11D3-BF4B-00C04F79EFBC}") = "Practic", "Practic\Practic.csproj", "{2A6EB7D2-2ECC-4340-A583-7A1A46380D43}"
EndProject
Global
	GlobalSection(SolutionConfigurationPlatforms) = preSolution
		Debug|Any CPU = Debug|Any CPU
		Release|Any CPU = Release|Any CPU
	EndGlobalSection
	GlobalSection(ProjectConfigurationPlatforms) = postSolution
		{2A6EB7D2-2ECC-4340-A583-7A1A46380D43}.Debug|Any CPU.ActiveCfg = Debug|Any CPU
		{2A6EB7D2-2ECC-4340-A583-7A1A46380D43}.Debug|Any CPU.Build.0 = Debug|Any CPU
		{2A6EB7D2-2ECC-4340-A583-7A1A46380D43}.Release|Any CPU.ActiveCfg = Release|Any CPU
		{2A6EB7D2-2ECC-4340-A583-7A1A46380D43}.Release|Any CPU.Build.0 = Release|Any CPU
	EndGlobalSection
	GlobalSection(SolutionProperties) = preSolution
		HideSolutionNode = FALSE
	EndGlobalSection
	GlobalSection(ExtensibilityGlobals) = postSolution
		SolutionGuid = {1995CCC8-7FC8-42B3-982B-A22E4434A9D9}
	EndGlobalSection
EndGlobal
